[[package]]
name = "autopep8"
version = "1.7.0"
summary = "A tool that automatically formats Python code to conform to the PEP 8 style guide"
dependencies = [
    "pycodestyle>=2.9.1",
    "toml",
]

[[package]]
name = "pycodestyle"
version = "2.9.1"
requires_python = ">=3.6"
summary = "Python style guide checker"

[[package]]
name = "toml"
version = "0.10.2"
requires_python = ">=2.6, !=3.0.*, !=3.1.*, !=3.2.*"
summary = "Python Library for Tom's Obvious, Minimal Language"

[metadata]
lock_version = "4.0"
content_hash = "sha256:98fa02cfd08ad8f68fe7da025463b761f2bfd3717bf631f6d06109abc9d4e906"

[metadata.files]
"autopep8 1.7.0" = [
    {url = "https://files.pythonhosted.org/packages/5d/9b/1ed75f8c9086fafe0e9bbb379a70c43b1aa9dff6154ddcfb818f78cb0736/autopep8-1.7.0-py2.py3-none-any.whl", hash = "sha256:6f09e90a2be784317e84dc1add17ebfc7abe3924239957a37e5040e27d812087"},
    {url = "https://files.pythonhosted.org/packages/d0/5d/016888824972086a4ee164806520d85ff173e83699907b9cfe119aaefbbc/autopep8-1.7.0.tar.gz", hash = "sha256:ca9b1a83e53a7fad65d731dc7a2a2d50aa48f43850407c59f6a1a306c4201142"},
]
"pycodestyle 2.9.1" = [
    {url = "https://files.pythonhosted.org/packages/67/e4/fc77f1039c34b3612c4867b69cbb2b8a4e569720b1f19b0637002ee03aff/pycodestyle-2.9.1-py2.py3-none-any.whl", hash = "sha256:d1735fc58b418fd7c5f658d28d943854f8a849b01a5d0a1e6f3f3fdd0166804b"},
    {url = "https://files.pythonhosted.org/packages/b6/83/5bcaedba1f47200f0665ceb07bcb00e2be123192742ee0edfb66b600e5fd/pycodestyle-2.9.1.tar.gz", hash = "sha256:2c9607871d58c76354b697b42f5d57e1ada7d261c261efac224b664affdc5785"},
]
"toml 0.10.2" = [
    {url = "https://files.pythonhosted.org/packages/44/6f/7120676b6d73228c96e17f1f794d8ab046fc910d781c8d151120c3f1569e/toml-0.10.2-py2.py3-none-any.whl", hash = "sha256:806143ae5bfb6a3c6e736a764057db0e6a0e05e338b5630894a5f779cabb4f9b"},
    {url = "https://files.pythonhosted.org/packages/be/ba/1f744cdc819428fc6b5084ec34d9b30660f6f9daaf70eead706e3203ec3c/toml-0.10.2.tar.gz", hash = "sha256:b3bda1d108d5dd99f4a20d24d9c348e91c4db7ab1b749200bded2f839ccbe68f"},
]
